// !$*UTF8*$!
{
	archiveVersion = 1;
	classes = {
	};
	objectVersion = 46;
	objects = {

/* Begin PBXBuildFile section */
		5018A177192498F000B12E7A /* Foundation.framework in Frameworks */ = {isa = PBXBuildFile; fileRef = 5018A176192498F000B12E7A /* Foundation.framework */; };
		5018A179192498F000B12E7A /* CoreGraphics.framework in Frameworks */ = {isa = PBXBuildFile; fileRef = 5018A178192498F000B12E7A /* CoreGraphics.framework */; };
		5018A17B192498F000B12E7A /* UIKit.framework in Frameworks */ = {isa = PBXBuildFile; fileRef = 5018A17A192498F000B12E7A /* UIKit.framework */; };
		5018A181192498F000B12E7A /* InfoPlist.strings in Resources */ = {isa = PBXBuildFile; fileRef = 5018A17F192498F000B12E7A /* InfoPlist.strings */; };
		5018A183192498F000B12E7A /* main.m in Sources */ = {isa = PBXBuildFile; fileRef = 5018A182192498F000B12E7A /* main.m */; };
		5018A187192498F000B12E7A /* AppDelegate.m in Sources */ = {isa = PBXBuildFile; fileRef = 5018A186192498F000B12E7A /* AppDelegate.m */; };
		5018A189192498F000B12E7A /* Images.xcassets in Resources */ = {isa = PBXBuildFile; fileRef = 5018A188192498F000B12E7A /* Images.xcassets */; };
		5018A190192498F000B12E7A /* XCTest.framework in Frameworks */ = {isa = PBXBuildFile; fileRef = 5018A18F192498F000B12E7A /* XCTest.framework */; };
		5018A191192498F000B12E7A /* Foundation.framework in Frameworks */ = {isa = PBXBuildFile; fileRef = 5018A176192498F000B12E7A /* Foundation.framework */; };
		5018A192192498F000B12E7A /* UIKit.framework in Frameworks */ = {isa = PBXBuildFile; fileRef = 5018A17A192498F000B12E7A /* UIKit.framework */; };
		5018A19A192498F000B12E7A /* InfoPlist.strings in Resources */ = {isa = PBXBuildFile; fileRef = 5018A198192498F000B12E7A /* InfoPlist.strings */; };
		5018A19C192498F000B12E7A /* ACJSONPathTests.m in Sources */ = {isa = PBXBuildFile; fileRef = 5018A19B192498F000B12E7A /* ACJSONPathTests.m */; };
		5018A1AC1924996200B12E7A /* ACJSONPath.m in Sources */ = {isa = PBXBuildFile; fileRef = 5018A1A81924996200B12E7A /* ACJSONPath.m */; };
		5018A1AD1924996200B12E7A /* ACJSONUtil.m in Sources */ = {isa = PBXBuildFile; fileRef = 5018A1AB1924996200B12E7A /* ACJSONUtil.m */; };
		5018A1B0192499AB00B12E7A /* RootViewController.m in Sources */ = {isa = PBXBuildFile; fileRef = 5018A1AF192499AB00B12E7A /* RootViewController.m */; };
		5018A1B219249ADC00B12E7A /* test.json in Resources */ = {isa = PBXBuildFile; fileRef = 5018A1B119249ADC00B12E7A /* test.json */; };
		5018A1B61924AA0800B12E7A /* UILabel+ACJSONPath.m in Sources */ = {isa = PBXBuildFile; fileRef = 5018A1B51924AA0800B12E7A /* UILabel+ACJSONPath.m */; };
/* End PBXBuildFile section */

/* Begin PBXContainerItemProxy section */
		5018A193192498F000B12E7A /* PBXContainerItemProxy */ = {
			isa = PBXContainerItemProxy;
			containerPortal = 5018A16B192498F000B12E7A /* Project object */;
			proxyType = 1;
			remoteGlobalIDString = 5018A172192498F000B12E7A;
			remoteInfo = ACJSONPath;
		};
/* End PBXContainerItemProxy section */

/* Begin PBXFileReference section */
		5018A173192498F000B12E7A /* ACJSONPath.app */ = {isa = PBXFileReference; explicitFileType = wrapper.application; includeInIndex = 0; path = ACJSONPath.app; sourceTree = BUILT_PRODUCTS_DIR; };
		5018A176192498F000B12E7A /* Foundation.framework */ = {isa = PBXFileReference; lastKnownFileType = wrapper.framework; name = Foundation.framework; path = System/Library/Frameworks/Foundation.framework; sourceTree = SDKROOT; };
		5018A178192498F000B12E7A /* CoreGraphics.framework */ = {isa = PBXFileReference; lastKnownFileType = wrapper.framework; name = CoreGraphics.framework; path = System/Library/Frameworks/CoreGraphics.framework; sourceTree = SDKROOT; };
		5018A17A192498F000B12E7A /* UIKit.framework */ = {isa = PBXFileReference; lastKnownFileType = wrapper.framework; name = UIKit.framework; path = System/Library/Frameworks/UIKit.framework; sourceTree = SDKROOT; };
		5018A17E192498F000B12E7A /* ACJSONPath-Info.plist */ = {isa = PBXFileReference; lastKnownFileType = text.plist.xml; path = "ACJSONPath-Info.plist"; sourceTree = "<group>"; };
		5018A180192498F000B12E7A /* en */ = {isa = PBXFileReference; lastKnownFileType = text.plist.strings; name = en; path = en.lproj/InfoPlist.strings; sourceTree = "<group>"; };
		5018A182192498F000B12E7A /* main.m */ = {isa = PBXFileReference; lastKnownFileType = sourcecode.c.objc; path = main.m; sourceTree = "<group>"; };
		5018A184192498F000B12E7A /* ACJSONPath-Prefix.pch */ = {isa = PBXFileReference; lastKnownFileType = sourcecode.c.h; path = "ACJSONPath-Prefix.pch"; sourceTree = "<group>"; };
		5018A185192498F000B12E7A /* AppDelegate.h */ = {isa = PBXFileReference; lastKnownFileType = sourcecode.c.h; path = AppDelegate.h; sourceTree = "<group>"; };
		5018A186192498F000B12E7A /* AppDelegate.m */ = {isa = PBXFileReference; lastKnownFileType = sourcecode.c.objc; path = AppDelegate.m; sourceTree = "<group>"; };
		5018A188192498F000B12E7A /* Images.xcassets */ = {isa = PBXFileReference; lastKnownFileType = folder.assetcatalog; path = Images.xcassets; sourceTree = "<group>"; };
		5018A18E192498F000B12E7A /* ACJSONPathTests.xctest */ = {isa = PBXFileReference; explicitFileType = wrapper.cfbundle; includeInIndex = 0; path = ACJSONPathTests.xctest; sourceTree = BUILT_PRODUCTS_DIR; };
		5018A18F192498F000B12E7A /* XCTest.framework */ = {isa = PBXFileReference; lastKnownFileType = wrapper.framework; name = XCTest.framework; path = Library/Frameworks/XCTest.framework; sourceTree = DEVELOPER_DIR; };
		5018A197192498F000B12E7A /* ACJSONPathTests-Info.plist */ = {isa = PBXFileReference; lastKnownFileType = text.plist.xml; path = "ACJSONPathTests-Info.plist"; sourceTree = "<group>"; };
		5018A199192498F000B12E7A /* en */ = {isa = PBXFileReference; lastKnownFileType = text.plist.strings; name = en; path = en.lproj/InfoPlist.strings; sourceTree = "<group>"; };
		5018A19B192498F000B12E7A /* ACJSONPathTests.m */ = {isa = PBXFileReference; lastKnownFileType = sourcecode.c.objc; path = ACJSONPathTests.m; sourceTree = "<group>"; };
		5018A1A71924996200B12E7A /* ACJSONPath.h */ = {isa = PBXFileReference; fileEncoding = 4; lastKnownFileType = sourcecode.c.h; path = ACJSONPath.h; sourceTree = "<group>"; };
		5018A1A81924996200B12E7A /* ACJSONPath.m */ = {isa = PBXFileReference; fileEncoding = 4; lastKnownFileType = sourcecode.c.objc; path = ACJSONPath.m; sourceTree = "<group>"; };
		5018A1AA1924996200B12E7A /* ACJSONUtil.h */ = {isa = PBXFileReference; fileEncoding = 4; lastKnownFileType = sourcecode.c.h; path = ACJSONUtil.h; sourceTree = "<group>"; };
		5018A1AB1924996200B12E7A /* ACJSONUtil.m */ = {isa = PBXFileReference; fileEncoding = 4; lastKnownFileType = sourcecode.c.objc; path = ACJSONUtil.m; sourceTree = "<group>"; };
		5018A1AE192499AB00B12E7A /* RootViewController.h */ = {isa = PBXFileReference; fileEncoding = 4; lastKnownFileType = sourcecode.c.h; path = RootViewController.h; sourceTree = "<group>"; };
		5018A1AF192499AB00B12E7A /* RootViewController.m */ = {isa = PBXFileReference; fileEncoding = 4; lastKnownFileType = sourcecode.c.objc; path = RootViewController.m; sourceTree = "<group>"; };
		5018A1B119249ADC00B12E7A /* test.json */ = {isa = PBXFileReference; fileEncoding = 4; lastKnownFileType = text.json; path = test.json; sourceTree = "<group>"; };
		5018A1B41924AA0800B12E7A /* UILabel+ACJSONPath.h */ = {isa = PBXFileReference; fileEncoding = 4; lastKnownFileType = sourcecode.c.h; path = "UILabel+ACJSONPath.h"; sourceTree = "<group>"; };
		5018A1B51924AA0800B12E7A /* UILabel+ACJSONPath.m */ = {isa = PBXFileReference; fileEncoding = 4; lastKnownFileType = sourcecode.c.objc; path = "UILabel+ACJSONPath.m"; sourceTree = "<group>"; };
/* End PBXFileReference section */

/* Begin PBXFrameworksBuildPhase section */
		5018A170192498F000B12E7A /* Frameworks */ = {
			isa = PBXFrameworksBuildPhase;
			buildActionMask = 2147483647;
			files = (
				5018A179192498F000B12E7A /* CoreGraphics.framework in Frameworks */,
				5018A17B192498F000B12E7A /* UIKit.framework in Frameworks */,
				5018A177192498F000B12E7A /* Foundation.framework in Frameworks */,
			);
			runOnlyForDeploymentPostprocessing = 0;
		};
		5018A18B192498F000B12E7A /* Frameworks */ = {
			isa = PBXFrameworksBuildPhase;
			buildActionMask = 2147483647;
			files = (
				5018A190192498F000B12E7A /* XCTest.framework in Frameworks */,
				5018A192192498F000B12E7A /* UIKit.framework in Frameworks */,
				5018A191192498F000B12E7A /* Foundation.framework in Frameworks */,
			);
			runOnlyForDeploymentPostprocessing = 0;
		};
/* End PBXFrameworksBuildPhase section */

/* Begin PBXGroup section */
		5018A16A192498F000B12E7A = {
			isa = PBXGroup;
			children = (
				5018A17C192498F000B12E7A /* ACJSONPath */,
				5018A195192498F000B12E7A /* ACJSONPathTests */,
				5018A175192498F000B12E7A /* Frameworks */,
				5018A174192498F000B12E7A /* Products */,
			);
			sourceTree = "<group>";
		};
		5018A174192498F000B12E7A /* Products */ = {
			isa = PBXGroup;
			children = (
				5018A173192498F000B12E7A /* ACJSONPath.app */,
				5018A18E192498F000B12E7A /* ACJSONPathTests.xctest */,
			);
			name = Products;
			sourceTree = "<group>";
		};
		5018A175192498F000B12E7A /* Frameworks */ = {
			isa = PBXGroup;
			children = (
				5018A176192498F000B12E7A /* Foundation.framework */,
				5018A178192498F000B12E7A /* CoreGraphics.framework */,
				5018A17A192498F000B12E7A /* UIKit.framework */,
				5018A18F192498F000B12E7A /* XCTest.framework */,
			);
			name = Frameworks;
			sourceTree = "<group>";
		};
		5018A17C192498F000B12E7A /* ACJSONPath */ = {
			isa = PBXGroup;
			children = (
				5018A185192498F000B12E7A /* AppDelegate.h */,
				5018A186192498F000B12E7A /* AppDelegate.m */,
				5018A1AE192499AB00B12E7A /* RootViewController.h */,
				5018A1AF192499AB00B12E7A /* RootViewController.m */,
				5018A1B119249ADC00B12E7A /* test.json */,
				5018A1A51924996200B12E7A /* Vendor */,
				5018A188192498F000B12E7A /* Images.xcassets */,
				5018A17D192498F000B12E7A /* Supporting Files */,
			);
			path = ACJSONPath;
			sourceTree = "<group>";
		};
		5018A17D192498F000B12E7A /* Supporting Files */ = {
			isa = PBXGroup;
			children = (
				5018A17E192498F000B12E7A /* ACJSONPath-Info.plist */,
				5018A17F192498F000B12E7A /* InfoPlist.strings */,
				5018A182192498F000B12E7A /* main.m */,
				5018A184192498F000B12E7A /* ACJSONPath-Prefix.pch */,
			);
			name = "Supporting Files";
			sourceTree = "<group>";
		};
		5018A195192498F000B12E7A /* ACJSONPathTests */ = {
			isa = PBXGroup;
			children = (
				5018A19B192498F000B12E7A /* ACJSONPathTests.m */,
				5018A196192498F000B12E7A /* Supporting Files */,
			);
			path = ACJSONPathTests;
			sourceTree = "<group>";
		};
		5018A196192498F000B12E7A /* Supporting Files */ = {
			isa = PBXGroup;
			children = (
				5018A197192498F000B12E7A /* ACJSONPathTests-Info.plist */,
				5018A198192498F000B12E7A /* InfoPlist.strings */,
			);
			name = "Supporting Files";
			sourceTree = "<group>";
		};
		5018A1A51924996200B12E7A /* Vendor */ = {
			isa = PBXGroup;
			children = (
				5018A1A61924996200B12E7A /* ACJSONPath */,
				5018A1A91924996200B12E7A /* ACJSONUtil */,
			);
			path = Vendor;
			sourceTree = "<group>";
		};
		5018A1A61924996200B12E7A /* ACJSONPath */ = {
			isa = PBXGroup;
			children = (
				5018A1B31924A9D900B12E7A /* UIKit+ACJSONPath */,
				5018A1A71924996200B12E7A /* ACJSONPath.h */,
				5018A1A81924996200B12E7A /* ACJSONPath.m */,
			);
			path = ACJSONPath;
			sourceTree = "<group>";
		};
		5018A1A91924996200B12E7A /* ACJSONUtil */ = {
			isa = PBXGroup;
			children = (
				5018A1AA1924996200B12E7A /* ACJSONUtil.h */,
				5018A1AB1924996200B12E7A /* ACJSONUtil.m */,
			);
			path = ACJSONUtil;
			sourceTree = "<group>";
		};
		5018A1B31924A9D900B12E7A /* UIKit+ACJSONPath */ = {
			isa = PBXGroup;
			children = (
				5018A1B41924AA0800B12E7A /* UILabel+ACJSONPath.h */,
				5018A1B51924AA0800B12E7A /* UILabel+ACJSONPath.m */,
			);
			path = "UIKit+ACJSONPath";
			sourceTree = "<group>";
		};
/* End PBXGroup section */

/* Begin PBXNativeTarget section */
		5018A172192498F000B12E7A /* ACJSONPath */ = {
			isa = PBXNativeTarget;
			buildConfigurationList = 5018A19F192498F000B12E7A /* Build configuration list for PBXNativeTarget "ACJSONPath" */;
			buildPhases = (
				5018A16F192498F000B12E7A /* Sources */,
				5018A170192498F000B12E7A /* Frameworks */,
				5018A171192498F000B12E7A /* Resources */,
			);
			buildRules = (
			);
			dependencies = (
			);
			name = ACJSONPath;
			productName = ACJSONPath;
			productReference = 5018A173192498F000B12E7A /* ACJSONPath.app */;
			productType = "com.apple.product-type.application";
		};
		5018A18D192498F000B12E7A /* ACJSONPathTests */ = {
			isa = PBXNativeTarget;
			buildConfigurationList = 5018A1A2192498F000B12E7A /* Build configuration list for PBXNativeTarget "ACJSONPathTests" */;
			buildPhases = (
				5018A18A192498F000B12E7A /* Sources */,
				5018A18B192498F000B12E7A /* Frameworks */,
				5018A18C192498F000B12E7A /* Resources */,
			);
			buildRules = (
			);
			dependencies = (
				5018A194192498F000B12E7A /* PBXTargetDependency */,
			);
			name = ACJSONPathTests;
			productName = ACJSONPathTests;
			productReference = 5018A18E192498F000B12E7A /* ACJSONPathTests.xctest */;
			productType = "com.apple.product-type.bundle.unit-test";
		};
/* End PBXNativeTarget section */

/* Begin PBXProject section */
		5018A16B192498F000B12E7A /* Project object */ = {
			isa = PBXProject;
			attributes = {
				LastUpgradeCheck = 0510;
				ORGANIZATIONNAME = "Albert Chu";
				TargetAttributes = {
					5018A18D192498F000B12E7A = {
						TestTargetID = 5018A172192498F000B12E7A;
					};
				};
			};
			buildConfigurationList = 5018A16E192498F000B12E7A /* Build configuration list for PBXProject "ACJSONPath" */;
			compatibilityVersion = "Xcode 3.2";
			developmentRegion = English;
			hasScannedForEncodings = 0;
			knownRegions = (
				en,
			);
			mainGroup = 5018A16A192498F000B12E7A;
			productRefGroup = 5018A174192498F000B12E7A /* Products */;
			projectDirPath = "";
			projectRoot = "";
			targets = (
				5018A172192498F000B12E7A /* ACJSONPath */,
				5018A18D192498F000B12E7A /* ACJSONPathTests */,
			);
		};
/* End PBXProject section */

/* Begin PBXResourcesBuildPhase section */
		5018A171192498F000B12E7A /* Resources */ = {
			isa = PBXResourcesBuildPhase;
			buildActionMask = 2147483647;
			files = (
				5018A181192498F000B12E7A /* InfoPlist.strings in Resources */,
				5018A189192498F000B12E7A /* Images.xcassets in Resources */,
				5018A1B219249ADC00B12E7A /* test.json in Resources */,
			);
			runOnlyForDeploymentPostprocessing = 0;
		};
		5018A18C192498F000B12E7A /* Resources */ = {
			isa = PBXResourcesBuildPhase;
			buildActionMask = 2147483647;
			files = (
				5018A19A192498F000B12E7A /* InfoPlist.strings in Resources */,
			);
			runOnlyForDeploymentPostprocessing = 0;
		};
/* End PBXResourcesBuildPhase section */

/* Begin PBXSourcesBuildPhase section */
		5018A16F192498F000B12E7A /* Sources */ = {
			isa = PBXSourcesBuildPhase;
			buildActionMask = 2147483647;
			files = (
				5018A187192498F000B12E7A /* AppDelegate.m in Sources */,
				5018A1B61924AA0800B12E7A /* UILabel+ACJSONPath.m in Sources */,
				5018A1AC1924996200B12E7A /* ACJSONPath.m in Sources */,
				5018A183192498F000B12E7A /* main.m in Sources */,
				5018A1AD1924996200B12E7A /* ACJSONUtil.m in Sources */,
				5018A1B0192499AB00B12E7A /* RootViewController.m in Sources */,
			);
			runOnlyForDeploymentPostprocessing = 0;
		};
		5018A18A192498F000B12E7A /* Sources */ = {
			isa = PBXSourcesBuildPhase;
			buildActionMask = 2147483647;
			files = (
				5018A19C192498F000B12E7A /* ACJSONPathTests.m in Sources */,
			);
			runOnlyForDeploymentPostprocessing = 0;
		};
/* End PBXSourcesBuildPhase section */

/* Begin PBXTargetDependency section */
		5018A194192498F000B12E7A /* PBXTargetDependency */ = {
			isa = PBXTargetDependency;
			target = 5018A172192498F000B12E7A /* ACJSONPath */;
			targetProxy = 5018A193192498F000B12E7A /* PBXContainerItemProxy */;
		};
/* End PBXTargetDependency section */

/* Begin PBXVariantGroup section */
		5018A17F192498F000B12E7A /* InfoPlist.strings */ = {
			isa = PBXVariantGroup;
			children = (
				5018A180192498F000B12E7A /* en */,
			);
			name = InfoPlist.strings;
			sourceTree = "<group>";
		};
		5018A198192498F000B12E7A /* InfoPlist.strings */ = {
			isa = PBXVariantGroup;
			children = (
				5018A199192498F000B12E7A /* en */,
			);
			name = InfoPlist.strings;
			sourceTree = "<group>";
		};
/* End PBXVariantGroup section */

/* Begin XCBuildConfiguration section */
		5018A19D192498F000B12E7A /* Debug */ = {
			isa = XCBuildConfiguration;
			buildSettings = {
				ALWAYS_SEARCH_USER_PATHS = NO;
				CLANG_CXX_LANGUAGE_STANDARD = "gnu++0x";
				CLANG_CXX_LIBRARY = "libc++";
				CLANG_ENABLE_MODULES = YES;
				CLANG_ENABLE_OBJC_ARC = YES;
				CLANG_WARN_BOOL_CONVERSION = YES;
				CLANG_WARN_CONSTANT_CONVERSION = YES;
				CLANG_WARN_DIRECT_OBJC_ISA_USAGE = YES_ERROR;
				CLANG_WARN_EMPTY_BODY = YES;
				CLANG_WARN_ENUM_CONVERSION = YES;
				CLANG_WARN_INT_CONVERSION = YES;
				CLANG_WARN_OBJC_ROOT_CLASS = YES_ERROR;
				CLANG_WARN__DUPLICATE_METHOD_MATCH = YES;
				"CODE_SIGN_IDENTITY[sdk=iphoneos*]" = "iPhone Developer";
				COPY_PHASE_STRIP = NO;
				GCC_C_LANGUAGE_STANDARD = gnu99;
				GCC_DYNAMIC_NO_PIC = NO;
				GCC_OPTIMIZATION_LEVEL = 0;
				GCC_PREPROCESSOR_DEFINITIONS = (
					"DEBUG=1",
					"$(inherited)",
				);
				GCC_SYMBOLS_PRIVATE_EXTERN = NO;
				GCC_WARN_64_TO_32_BIT_CONVERSION = YES;
				GCC_WARN_ABOUT_RETURN_TYPE = YES_ERROR;
				GCC_WARN_UNDECLARED_SELECTOR = YES;
				GCC_WARN_UNINITIALIZED_AUTOS = YES_AGGRESSIVE;
				GCC_WARN_UNUSED_FUNCTION = YES;
				GCC_WARN_UNUSED_VARIABLE = YES;
				IPHONEOS_DEPLOYMENT_TARGET = 6.0;
				ONLY_ACTIVE_ARCH = YES;
				SDKROOT = iphoneos;
			};
			name = Debug;
		};
		5018A19E192498F000B12E7A /* Release */ = {
			isa = XCBuildConfiguration;
			buildSettings = {
				ALWAYS_SEARCH_USER_PATHS = NO;
				CLANG_CXX_LANGUAGE_STANDARD = "gnu++0x";
				CLANG_CXX_LIBRARY = "libc++";
				CLANG_ENABLE_MODULES = YES;
				CLANG_ENABLE_OBJC_ARC = YES;
				CLANG_WARN_BOOL_CONVERSION = YES;
				CLANG_WARN_CONSTANT_CONVERSION = YES;
				CLANG_WARN_DIRECT_OBJC_ISA_USAGE = YES_ERROR;
				CLANG_WARN_EMPTY_BODY = YES;
				CLANG_WARN_ENUM_CONVERSION = YES;
				CLANG_WARN_INT_CONVERSION = YES;
				CLANG_WARN_OBJC_ROOT_CLASS = YES_ERROR;
				CLANG_WARN__DUPLICATE_METHOD_MATCH = YES;
				"CODE_SIGN_IDENTITY[sdk=iphoneos*]" = "iPhone Developer";
				COPY_PHASE_STRIP = YES;
				ENABLE_NS_ASSERTIONS = NO;
				GCC_C_LANGUAGE_STANDARD = gnu99;
				GCC_WARN_64_TO_32_BIT_CONVERSION = YES;
				GCC_WARN_ABOUT_RETURN_TYPE = YES_ERROR;
				GCC_WARN_UNDECLARED_SELECTOR = YES;
				GCC_WARN_UNINITIALIZED_AUTOS = YES_AGGRESSIVE;
				GCC_WARN_UNUSED_FUNCTION = YES;
				GCC_WARN_UNUSED_VARIABLE = YES;
				IPHONEOS_DEPLOYMENT_TARGET = 6.0;
				SDKROOT = iphoneos;
				VALIDATE_PRODUCT = YES;
			};
			name = Release;
		};
		5018A1A0192498F000B12E7A /* Debug */ = {
			isa = XCBuildConfiguration;
			buildSettings = {
				ASSETCATALOG_COMPILER_APPICON_NAME = AppIcon;
				ASSETCATALOG_COMPILER_LAUNCHIMAGE_NAME = LaunchImage;
				GCC_PRECOMPILE_PREFIX_HEADER = YES;
				GCC_PREFIX_HEADER = "ACJSONPath/ACJSONPath-Prefix.pch";
				INFOPLIST_FILE = "ACJSONPath/ACJSONPath-Info.plist";
				IPHONEOS_DEPLOYMENT_TARGET = 6.0;
				PRODUCT_NAME = "$(TARGET_NAME)";
				WRAPPER_EXTENSION = app;
			};
			name = Debug;
		};
		5018A1A1192498F000B12E7A /* Release */ = {
			isa = XCBuildConfiguration;
			buildSettings = {
				ASSETCATALOG_COMPILER_APPICON_NAME = AppIcon;
				ASSETCATALOG_COMPILER_LAUNCHIMAGE_NAME = LaunchImage;
				GCC_PRECOMPILE_PREFIX_HEADER = YES;
				GCC_PREFIX_HEADER = "ACJSONPath/ACJSONPath-Prefix.pch";
				INFOPLIST_FILE = "ACJSONPath/ACJSONPath-Info.plist";
				IPHONEOS_DEPLOYMENT_TARGET = 6.0;
				PRODUCT_NAME = "$(TARGET_NAME)";
				WRAPPER_EXTENSION = app;
			};
			name = Release;
		};
		5018A1A3192498F000B12E7A /* Debug */ = {
			isa = XCBuildConfiguration;
			buildSettings = {
				BUNDLE_LOADER = "$(BUILT_PRODUCTS_DIR)/ACJSONPath.app/ACJSONPath";
				FRAMEWORK_SEARCH_PATHS = (
					"$(SDKROOT)/Developer/Library/Frameworks",
					"$(inherited)",
					"$(DEVELOPER_FRAMEWORKS_DIR)",
				);
				GCC_PRECOMPILE_PREFIX_HEADER = YES;
				GCC_PREFIX_HEADER = "ACJSONPath/ACJSONPath-Prefix.pch";
				GCC_PREPROCESSOR_DEFINITIONS = (
					"DEBUG=1",
					"$(inherited)",
				);
				INFOPLIST_FILE = "ACJSONPathTests/ACJSONPathTests-Info.plist";
				PRODUCT_NAME = "$(TARGET_NAME)";
				TEST_HOST = "$(BUNDLE_LOADER)";
				WRAPPER_EXTENSION = xctest;
			};
			name = Debug;
		};
		5018A1A4192498F000B12E7A /* Release */ = {
			isa = XCBuildConfiguration;
			buildSettings = {
				BUNDLE_LOADER = "$(BUILT_PRODUCTS_DIR)/ACJSONPath.app/ACJSONPath";
				FRAMEWORK_SEARCH_PATHS = (
					"$(SDKROOT)/Developer/Library/Frameworks",
					"$(inherited)",
					"$(DEVELOPER_FRAMEWORKS_DIR)",
				);
				GCC_PRECOMPILE_PREFIX_HEADER = YES;
				GCC_PREFIX_HEADER = "ACJSONPath/ACJSONPath-Prefix.pch";
				INFOPLIST_FILE = "ACJSONPathTests/ACJSONPathTests-Info.plist";
				PRODUCT_NAME = "$(TARGET_NAME)";
				TEST_HOST = "$(BUNDLE_LOADER)";
				WRAPPER_EXTENSION = xctest;
			};
			name = Release;
		};
/* End XCBuildConfiguration section */

/* Begin XCConfigurationList section */
		5018A16E192498F000B12E7A /* Build configuration list for PBXProject "ACJSONPath" */ = {
			isa = XCConfigurationList;
			buildConfigurations = (
				5018A19D192498F000B12E7A /* Debug */,
				5018A19E192498F000B12E7A /* Release */,
			);
			defaultConfigurationIsVisible = 0;
			defaultConfigurationName = Release;
		};
		5018A19F192498F000B12E7A /* Build configuration list for PBXNativeTarget "ACJSONPath" */ = {
			isa = XCConfigurationList;
			buildConfigurations = (
				5018A1A0192498F000B12E7A /* Debug */,
				5018A1A1192498F000B12E7A /* Release */,
			);
			defaultConfigurationIsVisible = 0;
		};
		5018A1A2192498F000B12E7A /* Build configuration list for PBXNativeTarget "ACJSONPathTests" */ = {
			isa = XCConfigurationList;
			buildConfigurations = (
				5018A1A3192498F000B12E7A /* Debug */,
				5018A1A4192498F000B12E7A /* Release */,
			);
			defaultConfigurationIsVisible = 0;
		};
/* End XCConfigurationList section */
	};
	rootObject = 5018A16B192498F000B12E7A /* Project object */;
}
